
Microsoft Visual Studio Solution File, Format Version 11.00
# Visual Studio 2010
Project("{FAE04EC0-301F-11D3-BF4B-00C04F79EFBC}") = "Unity.Timeline", "Unity.Timeline.csproj", "{6744d36e-8ce4-f65d-3b4f-64d690256399}"
EndProject
Project("{FAE04EC0-301F-11D3-BF4B-00C04F79EFBC}") = "Unity.Timeline.Editor", "Unity.Timeline.Editor.csproj", "{a88cc97e-c240-b6f0-fa67-250898226e7a}"
EndProject
Project("{FAE04EC0-301F-11D3-BF4B-00C04F79EFBC}") = "Unity.TextMeshPro.Editor", "Unity.TextMeshPro.Editor.csproj", "{820bba11-f209-1289-8f66-fd353b38cb4b}"
EndProject
Project("{FAE04EC0-301F-11D3-BF4B-00C04F79EFBC}") = "Unity.VisualScripting.Flow", "Unity.VisualScripting.Flow.csproj", "{4c47b9a5-1aa6-b1f9-652c-bef0ceec87d0}"
EndProject
Project("{FAE04EC0-301F-11D3-BF4B-00C04F79EFBC}") = "UnityEditor.UI", "UnityEditor.UI.csproj", "{6c9ce81a-9730-ec75-6214-974b9f22ead2}"
EndProject
Project("{FAE04EC0-301F-11D3-BF4B-00C04F79EFBC}") = "Unity.PlasticSCM.Editor", "Unity.PlasticSCM.Editor.csproj", "{1c4d7047-5c57-bea4-bb36-61862b6c326a}"
EndProject
Project("{FAE04EC0-301F-11D3-BF4B-00C04F79EFBC}") = "Unity.VisualScripting.Core", "Unity.VisualScripting.Core.csproj", "{cf9a96fc-119a-0035-523e-bf1a34aa3010}"
EndProject
Project("{FAE04EC0-301F-11D3-BF4B-00C04F79EFBC}") = "Unity.Mathematics", "Unity.Mathematics.csproj", "{c5623a65-6f06-5658-7ea0-6fd0ba8331b8}"
EndProject
Project("{FAE04EC0-301F-11D3-BF4B-00C04F79EFBC}") = "Unity.ML-Agents", "Unity.ML-Agents.csproj", "{45f30eb4-8d54-1ee8-ee56-f384de514435}"
EndProject
Project("{FAE04EC0-301F-11D3-BF4B-00C04F79EFBC}") = "Unity.VisualScripting.Core.Editor", "Unity.VisualScripting.Core.Editor.csproj", "{f9b23dc9-4b2b-4059-8dc3-b08c41eb8116}"
EndProject
Project("{FAE04EC0-301F-11D3-BF4B-00C04F79EFBC}") = "Unity.VisualScripting.Flow.Editor", "Unity.VisualScripting.Flow.Editor.csproj", "{7df9deef-eaf4-b42f-0f65-dc2210356bfe}"
EndProject
Project("{FAE04EC0-301F-11D3-BF4B-00C04F79EFBC}") = "UnityEditor.TestRunner", "UnityEditor.TestRunner.csproj", "{c2e0d27d-c482-8ed2-dbe5-7b1d02db54ed}"
EndProject
Project("{FAE04EC0-301F-11D3-BF4B-00C04F79EFBC}") = "Unity.Barracuda", "Unity.Barracuda.csproj", "{2b9fb0e6-db5f-78e2-600c-cc50355adda0}"
EndProject
Project("{FAE04EC0-301F-11D3-BF4B-00C04F79EFBC}") = "Unity.VisualScripting.SettingsProvider.Editor", "Unity.VisualScripting.SettingsProvider.Editor.csproj", "{d261656c-42b2-f8af-689c-5c18fb0e5aab}"
EndProject
Project("{FAE04EC0-301F-11D3-BF4B-00C04F79EFBC}") = "UnityEngine.TestRunner", "UnityEngine.TestRunner.csproj", "{c3923e3e-b9ef-96d7-aa25-8233de541eab}"
EndProject
Project("{FAE04EC0-301F-11D3-BF4B-00C04F79EFBC}") = "Unity.Burst", "Unity.Burst.csproj", "{7e0137fd-8296-47c0-366d-ad93fdd0b5c9}"
EndProject
Project("{FAE04EC0-301F-11D3-BF4B-00C04F79EFBC}") = "UnityEngine.UI", "UnityEngine.UI.csproj", "{b26cce2f-7f13-28ef-8349-a51440b5dadf}"
EndProject
Project("{FAE04EC0-301F-11D3-BF4B-00C04F79EFBC}") = "Unity.AI.Navigation.Editor", "Unity.AI.Navigation.Editor.csproj", "{dd325e1d-d58a-fc16-69ac-a97c2950b23f}"
EndProject
Project("{FAE04EC0-301F-11D3-BF4B-00C04F79EFBC}") = "Unity.VisualStudio.Editor", "Unity.VisualStudio.Editor.csproj", "{86d2feb9-abe8-e9af-e0d6-683d3cb2bf97}"
EndProject
Project("{FAE04EC0-301F-11D3-BF4B-00C04F79EFBC}") = "Unity.TestTools.CodeCoverage.Editor.OpenCover.Model", "Unity.TestTools.CodeCoverage.Editor.OpenCover.Model.csproj", "{94c11a6e-3840-d05b-1189-e129ef8cb10a}"
EndProject
Project("{FAE04EC0-301F-11D3-BF4B-00C04F79EFBC}") = "Unity.Rider.Editor", "Unity.Rider.Editor.csproj", "{ae7575ee-4e0d-0785-a83f-de8f9d72f529}"
EndProject
Project("{FAE04EC0-301F-11D3-BF4B-00C04F79EFBC}") = "Unity.ML-Agents.CommunicatorObjects", "Unity.ML-Agents.CommunicatorObjects.csproj", "{9b09d8b7-c4f1-d748-8e5a-64d7037395e7}"
EndProject
Project("{FAE04EC0-301F-11D3-BF4B-00C04F79EFBC}") = "Unity.AI.Navigation", "Unity.AI.Navigation.csproj", "{47b7daf5-8ebc-508f-1aaa-702275406c1d}"
EndProject
Project("{FAE04EC0-301F-11D3-BF4B-00C04F79EFBC}") = "Unity.AI.Navigation.Editor.ConversionSystem", "Unity.AI.Navigation.Editor.ConversionSystem.csproj", "{61ef27be-2455-ceef-369b-bcf2363481b1}"
EndProject
Project("{FAE04EC0-301F-11D3-BF4B-00C04F79EFBC}") = "Unity.VisualScripting.State.Editor", "Unity.VisualScripting.State.Editor.csproj", "{cb130ba7-1559-3c56-eae3-40fb42d52723}"
EndProject
Project("{FAE04EC0-301F-11D3-BF4B-00C04F79EFBC}") = "Unity.TestTools.CodeCoverage.Editor", "Unity.TestTools.CodeCoverage.Editor.csproj", "{ab3472db-a7b6-f267-fdd7-b01e27cfc81a}"
EndProject
Project("{FAE04EC0-301F-11D3-BF4B-00C04F79EFBC}") = "Unity.Burst.CodeGen", "Unity.Burst.CodeGen.csproj", "{697ea34b-9c81-6546-5dc0-759c90290ca9}"
EndProject
Project("{FAE04EC0-301F-11D3-BF4B-00C04F79EFBC}") = "Unity.Barracuda.ONNX", "Unity.Barracuda.ONNX.csproj", "{070adb27-611d-7415-4d01-c11c91cf3a9a}"
EndProject
Project("{FAE04EC0-301F-11D3-BF4B-00C04F79EFBC}") = "Unity.VisualScripting.State", "Unity.VisualScripting.State.csproj", "{5caf765d-20b8-90fc-11b0-dc851e77bf3f}"
EndProject
Project("{FAE04EC0-301F-11D3-BF4B-00C04F79EFBC}") = "Unity.TextMeshPro", "Unity.TextMeshPro.csproj", "{11185f32-e79c-1b68-ac91-48090ef9eaeb}"
EndProject
Project("{FAE04EC0-301F-11D3-BF4B-00C04F79EFBC}") = "Unity.Performance.Profile-Analyzer.Editor", "Unity.Performance.Profile-Analyzer.Editor.csproj", "{ec4a7cee-6038-5be7-c4c8-101cbec10bd3}"
EndProject
Project("{FAE04EC0-301F-11D3-BF4B-00C04F79EFBC}") = "Unity.ML-Agents.Editor", "Unity.ML-Agents.Editor.csproj", "{4f149b04-e0a8-92e2-84c3-98d7ba19a30c}"
EndProject
Project("{FAE04EC0-301F-11D3-BF4B-00C04F79EFBC}") = "Assembly-CSharp", "Assembly-CSharp.csproj", "{376a293d-4d38-89df-f089-4f53f3a4d0ab}"
EndProject
Project("{FAE04EC0-301F-11D3-BF4B-00C04F79EFBC}") = "Unity.Barracuda.MacBLAS", "Unity.Barracuda.MacBLAS.csproj", "{e9634563-5fbe-b824-fa47-b9ba5e453255}"
EndProject
Project("{FAE04EC0-301F-11D3-BF4B-00C04F79EFBC}") = "Unity.VSCode.Editor", "Unity.VSCode.Editor.csproj", "{9d02d633-0c5f-efb9-6844-7348caae6b61}"
EndProject
Project("{FAE04EC0-301F-11D3-BF4B-00C04F79EFBC}") = "Unity.Burst.Editor", "Unity.Burst.Editor.csproj", "{bc80cbe5-3d8e-4f04-9129-3b9bed72f739}"
EndProject
Project("{FAE04EC0-301F-11D3-BF4B-00C04F79EFBC}") = "Unity.TestTools.CodeCoverage.Editor.OpenCover.Mono.Reflection", "Unity.TestTools.CodeCoverage.Editor.OpenCover.Mono.Reflection.csproj", "{2ab98551-0b01-e641-b906-5658b419e695}"
EndProject
Project("{FAE04EC0-301F-11D3-BF4B-00C04F79EFBC}") = "Unity.Barracuda.Editor", "Unity.Barracuda.Editor.csproj", "{185d991d-1fef-944c-3b37-404b224a3b9f}"
EndProject
Project("{FAE04EC0-301F-11D3-BF4B-00C04F79EFBC}") = "Unity.AI.Navigation.Updater", "Unity.AI.Navigation.Updater.csproj", "{02e4abb9-5da2-0425-e9a9-ab0fef5534ff}"
EndProject
Project("{FAE04EC0-301F-11D3-BF4B-00C04F79EFBC}") = "Unity.Settings.Editor", "Unity.Settings.Editor.csproj", "{96c0d19b-e694-fc0f-8996-eca1c5be541e}"
EndProject
Project("{FAE04EC0-301F-11D3-BF4B-00C04F79EFBC}") = "Unity.EditorCoroutines.Editor", "Unity.EditorCoroutines.Editor.csproj", "{250706b0-1904-bb0c-cc80-6bf6afec8d36}"
EndProject
Project("{FAE04EC0-301F-11D3-BF4B-00C04F79EFBC}") = "Unity.Mathematics.Editor", "Unity.Mathematics.Editor.csproj", "{30e3027e-53f5-5532-da3d-b68dc09eb9ba}"
EndProject
Project("{FAE04EC0-301F-11D3-BF4B-00C04F79EFBC}") = "Unity.VisualScripting.Shared.Editor", "Unity.VisualScripting.Shared.Editor.csproj", "{37ba316c-91a7-b748-5a14-20a8e1ba8fa8}"
EndProject
Project("{FAE04EC0-301F-11D3-BF4B-00C04F79EFBC}") = "Unity.CollabProxy.Editor", "Unity.CollabProxy.Editor.csproj", "{df380ca9-f9c6-28da-06b2-ca2d5dedb10a}"
EndProject
Project("{FAE04EC0-301F-11D3-BF4B-00C04F79EFBC}") = "Unity.Barracuda.BurstBLAS", "Unity.Barracuda.BurstBLAS.csproj", "{1f5a57ad-c58a-3d67-d1d5-94dee9ab4857}"
EndProject
Project("{FAE04EC0-301F-11D3-BF4B-00C04F79EFBC}") = "Unity.Barracuda.iOSBLAS", "Unity.Barracuda.iOSBLAS.csproj", "{685339f2-e9a2-7d57-bcee-a7a7e09908a7}"
EndProject
Global
	GlobalSection(SolutionConfigurationPlatforms) = preSolution
		Debug|Any CPU = Debug|Any CPU
	EndGlobalSection
	GlobalSection(ProjectConfigurationPlatforms) = postSolution
		{6744d36e-8ce4-f65d-3b4f-64d690256399}.Debug|Any CPU.ActiveCfg = Debug|Any CPU
		{6744d36e-8ce4-f65d-3b4f-64d690256399}.Debug|Any CPU.Build.0 = Debug|Any CPU
		{a88cc97e-c240-b6f0-fa67-250898226e7a}.Debug|Any CPU.ActiveCfg = Debug|Any CPU
		{a88cc97e-c240-b6f0-fa67-250898226e7a}.Debug|Any CPU.Build.0 = Debug|Any CPU
		{820bba11-f209-1289-8f66-fd353b38cb4b}.Debug|Any CPU.ActiveCfg = Debug|Any CPU
		{820bba11-f209-1289-8f66-fd353b38cb4b}.Debug|Any CPU.Build.0 = Debug|Any CPU
		{4c47b9a5-1aa6-b1f9-652c-bef0ceec87d0}.Debug|Any CPU.ActiveCfg = Debug|Any CPU
		{4c47b9a5-1aa6-b1f9-652c-bef0ceec87d0}.Debug|Any CPU.Build.0 = Debug|Any CPU
		{6c9ce81a-9730-ec75-6214-974b9f22ead2}.Debug|Any CPU.ActiveCfg = Debug|Any CPU
		{6c9ce81a-9730-ec75-6214-974b9f22ead2}.Debug|Any CPU.Build.0 = Debug|Any CPU
		{1c4d7047-5c57-bea4-bb36-61862b6c326a}.Debug|Any CPU.ActiveCfg = Debug|Any CPU
		{1c4d7047-5c57-bea4-bb36-61862b6c326a}.Debug|Any CPU.Build.0 = Debug|Any CPU
		{cf9a96fc-119a-0035-523e-bf1a34aa3010}.Debug|Any CPU.ActiveCfg = Debug|Any CPU
		{cf9a96fc-119a-0035-523e-bf1a34aa3010}.Debug|Any CPU.Build.0 = Debug|Any CPU
		{c5623a65-6f06-5658-7ea0-6fd0ba8331b8}.Debug|Any CPU.ActiveCfg = Debug|Any CPU
		{c5623a65-6f06-5658-7ea0-6fd0ba8331b8}.Debug|Any CPU.Build.0 = Debug|Any CPU
		{45f30eb4-8d54-1ee8-ee56-f384de514435}.Debug|Any CPU.ActiveCfg = Debug|Any CPU
		{45f30eb4-8d54-1ee8-ee56-f384de514435}.Debug|Any CPU.Build.0 = Debug|Any CPU
		{f9b23dc9-4b2b-4059-8dc3-b08c41eb8116}.Debug|Any CPU.ActiveCfg = Debug|Any CPU
		{f9b23dc9-4b2b-4059-8dc3-b08c41eb8116}.Debug|Any CPU.Build.0 = Debug|Any CPU
		{7df9deef-eaf4-b42f-0f65-dc2210356bfe}.Debug|Any CPU.ActiveCfg = Debug|Any CPU
		{7df9deef-eaf4-b42f-0f65-dc2210356bfe}.Debug|Any CPU.Build.0 = Debug|Any CPU
		{c2e0d27d-c482-8ed2-dbe5-7b1d02db54ed}.Debug|Any CPU.ActiveCfg = Debug|Any CPU
		{c2e0d27d-c482-8ed2-dbe5-7b1d02db54ed}.Debug|Any CPU.Build.0 = Debug|Any CPU
		{2b9fb0e6-db5f-78e2-600c-cc50355adda0}.Debug|Any CPU.ActiveCfg = Debug|Any CPU
		{2b9fb0e6-db5f-78e2-600c-cc50355adda0}.Debug|Any CPU.Build.0 = Debug|Any CPU
		{d261656c-42b2-f8af-689c-5c18fb0e5aab}.Debug|Any CPU.ActiveCfg = Debug|Any CPU
		{d261656c-42b2-f8af-689c-5c18fb0e5aab}.Debug|Any CPU.Build.0 = Debug|Any CPU
		{c3923e3e-b9ef-96d7-aa25-8233de541eab}.Debug|Any CPU.ActiveCfg = Debug|Any CPU
		{c3923e3e-b9ef-96d7-aa25-8233de541eab}.Debug|Any CPU.Build.0 = Debug|Any CPU
		{7e0137fd-8296-47c0-366d-ad93fdd0b5c9}.Debug|Any CPU.ActiveCfg = Debug|Any CPU
		{7e0137fd-8296-47c0-366d-ad93fdd0b5c9}.Debug|Any CPU.Build.0 = Debug|Any CPU
		{b26cce2f-7f13-28ef-8349-a51440b5dadf}.Debug|Any CPU.ActiveCfg = Debug|Any CPU
		{b26cce2f-7f13-28ef-8349-a51440b5dadf}.Debug|Any CPU.Build.0 = Debug|Any CPU
		{dd325e1d-d58a-fc16-69ac-a97c2950b23f}.Debug|Any CPU.ActiveCfg = Debug|Any CPU
		{dd325e1d-d58a-fc16-69ac-a97c2950b23f}.Debug|Any CPU.Build.0 = Debug|Any CPU
		{86d2feb9-abe8-e9af-e0d6-683d3cb2bf97}.Debug|Any CPU.ActiveCfg = Debug|Any CPU
		{86d2feb9-abe8-e9af-e0d6-683d3cb2bf97}.Debug|Any CPU.Build.0 = Debug|Any CPU
		{94c11a6e-3840-d05b-1189-e129ef8cb10a}.Debug|Any CPU.ActiveCfg = Debug|Any CPU
		{94c11a6e-3840-d05b-1189-e129ef8cb10a}.Debug|Any CPU.Build.0 = Debug|Any CPU
		{ae7575ee-4e0d-0785-a83f-de8f9d72f529}.Debug|Any CPU.ActiveCfg = Debug|Any CPU
		{ae7575ee-4e0d-0785-a83f-de8f9d72f529}.Debug|Any CPU.Build.0 = Debug|Any CPU
		{9b09d8b7-c4f1-d748-8e5a-64d7037395e7}.Debug|Any CPU.ActiveCfg = Debug|Any CPU
		{9b09d8b7-c4f1-d748-8e5a-64d7037395e7}.Debug|Any CPU.Build.0 = Debug|Any CPU
		{47b7daf5-8ebc-508f-1aaa-702275406c1d}.Debug|Any CPU.ActiveCfg = Debug|Any CPU
		{47b7daf5-8ebc-508f-1aaa-702275406c1d}.Debug|Any CPU.Build.0 = Debug|Any CPU
		{61ef27be-2455-ceef-369b-bcf2363481b1}.Debug|Any CPU.ActiveCfg = Debug|Any CPU
		{61ef27be-2455-ceef-369b-bcf2363481b1}.Debug|Any CPU.Build.0 = Debug|Any CPU
		{cb130ba7-1559-3c56-eae3-40fb42d52723}.Debug|Any CPU.ActiveCfg = Debug|Any CPU
		{cb130ba7-1559-3c56-eae3-40fb42d52723}.Debug|Any CPU.Build.0 = Debug|Any CPU
		{ab3472db-a7b6-f267-fdd7-b01e27cfc81a}.Debug|Any CPU.ActiveCfg = Debug|Any CPU
		{ab3472db-a7b6-f267-fdd7-b01e27cfc81a}.Debug|Any CPU.Build.0 = Debug|Any CPU
		{697ea34b-9c81-6546-5dc0-759c90290ca9}.Debug|Any CPU.ActiveCfg = Debug|Any CPU
		{697ea34b-9c81-6546-5dc0-759c90290ca9}.Debug|Any CPU.Build.0 = Debug|Any CPU
		{070adb27-611d-7415-4d01-c11c91cf3a9a}.Debug|Any CPU.ActiveCfg = Debug|Any CPU
		{070adb27-611d-7415-4d01-c11c91cf3a9a}.Debug|Any CPU.Build.0 = Debug|Any CPU
		{5caf765d-20b8-90fc-11b0-dc851e77bf3f}.Debug|Any CPU.ActiveCfg = Debug|Any CPU
		{5caf765d-20b8-90fc-11b0-dc851e77bf3f}.Debug|Any CPU.Build.0 = Debug|Any CPU
		{11185f32-e79c-1b68-ac91-48090ef9eaeb}.Debug|Any CPU.ActiveCfg = Debug|Any CPU
		{11185f32-e79c-1b68-ac91-48090ef9eaeb}.Debug|Any CPU.Build.0 = Debug|Any CPU
		{ec4a7cee-6038-5be7-c4c8-101cbec10bd3}.Debug|Any CPU.ActiveCfg = Debug|Any CPU
		{ec4a7cee-6038-5be7-c4c8-101cbec10bd3}.Debug|Any CPU.Build.0 = Debug|Any CPU
		{4f149b04-e0a8-92e2-84c3-98d7ba19a30c}.Debug|Any CPU.ActiveCfg = Debug|Any CPU
		{4f149b04-e0a8-92e2-84c3-98d7ba19a30c}.Debug|Any CPU.Build.0 = Debug|Any CPU
		{376a293d-4d38-89df-f089-4f53f3a4d0ab}.Debug|Any CPU.ActiveCfg = Debug|Any CPU
		{376a293d-4d38-89df-f089-4f53f3a4d0ab}.Debug|Any CPU.Build.0 = Debug|Any CPU
		{e9634563-5fbe-b824-fa47-b9ba5e453255}.Debug|Any CPU.ActiveCfg = Debug|Any CPU
		{e9634563-5fbe-b824-fa47-b9ba5e453255}.Debug|Any CPU.Build.0 = Debug|Any CPU
		{9d02d633-0c5f-efb9-6844-7348caae6b61}.Debug|Any CPU.ActiveCfg = Debug|Any CPU
		{9d02d633-0c5f-efb9-6844-7348caae6b61}.Debug|Any CPU.Build.0 = Debug|Any CPU
		{bc80cbe5-3d8e-4f04-9129-3b9bed72f739}.Debug|Any CPU.ActiveCfg = Debug|Any CPU
		{bc80cbe5-3d8e-4f04-9129-3b9bed72f739}.Debug|Any CPU.Build.0 = Debug|Any CPU
		{2ab98551-0b01-e641-b906-5658b419e695}.Debug|Any CPU.ActiveCfg = Debug|Any CPU
		{2ab98551-0b01-e641-b906-5658b419e695}.Debug|Any CPU.Build.0 = Debug|Any CPU
		{185d991d-1fef-944c-3b37-404b224a3b9f}.Debug|Any CPU.ActiveCfg = Debug|Any CPU
		{185d991d-1fef-944c-3b37-404b224a3b9f}.Debug|Any CPU.Build.0 = Debug|Any CPU
		{02e4abb9-5da2-0425-e9a9-ab0fef5534ff}.Debug|Any CPU.ActiveCfg = Debug|Any CPU
		{02e4abb9-5da2-0425-e9a9-ab0fef5534ff}.Debug|Any CPU.Build.0 = Debug|Any CPU
		{96c0d19b-e694-fc0f-8996-eca1c5be541e}.Debug|Any CPU.ActiveCfg = Debug|Any CPU
		{96c0d19b-e694-fc0f-8996-eca1c5be541e}.Debug|Any CPU.Build.0 = Debug|Any CPU
		{250706b0-1904-bb0c-cc80-6bf6afec8d36}.Debug|Any CPU.ActiveCfg = Debug|Any CPU
		{250706b0-1904-bb0c-cc80-6bf6afec8d36}.Debug|Any CPU.Build.0 = Debug|Any CPU
		{30e3027e-53f5-5532-da3d-b68dc09eb9ba}.Debug|Any CPU.ActiveCfg = Debug|Any CPU
		{30e3027e-53f5-5532-da3d-b68dc09eb9ba}.Debug|Any CPU.Build.0 = Debug|Any CPU
		{37ba316c-91a7-b748-5a14-20a8e1ba8fa8}.Debug|Any CPU.ActiveCfg = Debug|Any CPU
		{37ba316c-91a7-b748-5a14-20a8e1ba8fa8}.Debug|Any CPU.Build.0 = Debug|Any CPU
		{df380ca9-f9c6-28da-06b2-ca2d5dedb10a}.Debug|Any CPU.ActiveCfg = Debug|Any CPU
		{df380ca9-f9c6-28da-06b2-ca2d5dedb10a}.Debug|Any CPU.Build.0 = Debug|Any CPU
		{1f5a57ad-c58a-3d67-d1d5-94dee9ab4857}.Debug|Any CPU.ActiveCfg = Debug|Any CPU
		{1f5a57ad-c58a-3d67-d1d5-94dee9ab4857}.Debug|Any CPU.Build.0 = Debug|Any CPU
		{685339f2-e9a2-7d57-bcee-a7a7e09908a7}.Debug|Any CPU.ActiveCfg = Debug|Any CPU
		{685339f2-e9a2-7d57-bcee-a7a7e09908a7}.Debug|Any CPU.Build.0 = Debug|Any CPU
	EndGlobalSection
	GlobalSection(SolutionProperties) = preSolution
		HideSolutionNode = FALSE
	EndGlobalSection
EndGlobal
