
Microsoft Visual Studio Solution File, Format Version 11.00
# Visual Studio 2010
Project("{FAE04EC0-301F-11D3-BF4B-00C04F79EFBC}") = "Unity.ML-Agents", "Unity.ML-Agents.csproj", "{3d55561b-c1ec-a042-f21d-6cae87ace5ce}"
EndProject
Project("{FAE04EC0-301F-11D3-BF4B-00C04F79EFBC}") = "Assembly-CSharp", "Assembly-CSharp.csproj", "{e9ae351c-63f4-e8da-f51e-1cbf915d784f}"
EndProject
Project("{FAE04EC0-301F-11D3-BF4B-00C04F79EFBC}") = "UnityEngine.TestRunner", "UnityEngine.TestRunner.csproj", "{43a1a83e-681e-57c4-c152-32c7c948eac8}"
EndProject
Project("{FAE04EC0-301F-11D3-BF4B-00C04F79EFBC}") = "UnityEngine.UI", "UnityEngine.UI.csproj", "{d6dcae6f-ab09-a82b-c9e2-f6303655c014}"
EndProject
Project("{FAE04EC0-301F-11D3-BF4B-00C04F79EFBC}") = "Unity.VisualScripting.Flow", "Unity.VisualScripting.Flow.csproj", "{5cc3f33f-8adc-ef18-5959-1e07a0c6e1ee}"
EndProject
Project("{FAE04EC0-301F-11D3-BF4B-00C04F79EFBC}") = "Unity.Barracuda", "Unity.Barracuda.csproj", "{d56b4398-5185-7917-b095-4035aeea2faa}"
EndProject
Project("{FAE04EC0-301F-11D3-BF4B-00C04F79EFBC}") = "Unity.Mathematics", "Unity.Mathematics.csproj", "{e1f586b0-c552-0a39-287f-1f3ddaed6dcc}"
EndProject
Project("{FAE04EC0-301F-11D3-BF4B-00C04F79EFBC}") = "Unity.Services.Core.Telemetry", "Unity.Services.Core.Telemetry.csproj", "{c9c3f36a-9627-1c96-4a39-9e5ab1a2de33}"
EndProject
Project("{FAE04EC0-301F-11D3-BF4B-00C04F79EFBC}") = "Unity.Barracuda.ONNX", "Unity.Barracuda.ONNX.csproj", "{b76dee72-5aaa-7ed1-6e6d-67a3b63eb8b7}"
EndProject
Project("{FAE04EC0-301F-11D3-BF4B-00C04F79EFBC}") = "Unity.VisualScripting.State", "Unity.VisualScripting.State.csproj", "{cbfd5bf4-b038-0e6d-3699-4c6eac37c246}"
EndProject
Project("{FAE04EC0-301F-11D3-BF4B-00C04F79EFBC}") = "Unity.VisualScripting.Core", "Unity.VisualScripting.Core.csproj", "{6b781954-1fa3-9ed3-ac67-f814cd053a30}"
EndProject
Project("{FAE04EC0-301F-11D3-BF4B-00C04F79EFBC}") = "Unity.Services.Core.Environments.Internal", "Unity.Services.Core.Environments.Internal.csproj", "{8d214009-43b3-c6ce-d8e5-7a6e7e089195}"
EndProject
Project("{FAE04EC0-301F-11D3-BF4B-00C04F79EFBC}") = "Unity.Burst", "Unity.Burst.csproj", "{f77354d5-a08a-30b7-8d78-5c3a9027e9e3}"
EndProject
Project("{FAE04EC0-301F-11D3-BF4B-00C04F79EFBC}") = "Unity.AI.Navigation", "Unity.AI.Navigation.csproj", "{c22371e9-673a-1346-c2b1-579ccf4c1c46}"
EndProject
Project("{FAE04EC0-301F-11D3-BF4B-00C04F79EFBC}") = "Unity.TextMeshPro", "Unity.TextMeshPro.csproj", "{03ecbeb1-bac5-7e12-9130-031c87c1613f}"
EndProject
Project("{FAE04EC0-301F-11D3-BF4B-00C04F79EFBC}") = "Unity.Timeline", "Unity.Timeline.csproj", "{ad3eb872-a99f-e688-6998-0e5d18898af2}"
EndProject
Project("{FAE04EC0-301F-11D3-BF4B-00C04F79EFBC}") = "Unity.Services.Core", "Unity.Services.Core.csproj", "{125106a0-2c9f-af56-06d9-0f870c1607ee}"
EndProject
Project("{FAE04EC0-301F-11D3-BF4B-00C04F79EFBC}") = "Unity.ML-Agents.CommunicatorObjects", "Unity.ML-Agents.CommunicatorObjects.csproj", "{cfaf2248-f5b2-0d4f-27f5-b43aeba592cc}"
EndProject
Project("{FAE04EC0-301F-11D3-BF4B-00C04F79EFBC}") = "Unity.Services.Core.Environments", "Unity.Services.Core.Environments.csproj", "{174f775a-60d4-80fd-95d3-a3917db5c8bc}"
EndProject
Project("{FAE04EC0-301F-11D3-BF4B-00C04F79EFBC}") = "Unity.Services.Core.Internal", "Unity.Services.Core.Internal.csproj", "{81cc957a-2dc5-6f72-0034-e3ac821ad0f6}"
EndProject
Project("{FAE04EC0-301F-11D3-BF4B-00C04F79EFBC}") = "Unity.Services.Core.Analytics", "Unity.Services.Core.Analytics.csproj", "{e5822158-08d3-4d3a-dd5b-88f11d8f21b6}"
EndProject
Project("{FAE04EC0-301F-11D3-BF4B-00C04F79EFBC}") = "Unity.Services.Core.Scheduler", "Unity.Services.Core.Scheduler.csproj", "{c83e12a9-b790-3ba0-0272-e91dd1c7a067}"
EndProject
Project("{FAE04EC0-301F-11D3-BF4B-00C04F79EFBC}") = "Unity.Services.Core.Registration", "Unity.Services.Core.Registration.csproj", "{6392ba99-5826-2174-1b02-86b86c223305}"
EndProject
Project("{FAE04EC0-301F-11D3-BF4B-00C04F79EFBC}") = "Unity.Services.Core.Device", "Unity.Services.Core.Device.csproj", "{57075ee6-f2ae-5a7a-0137-17f9401e95ce}"
EndProject
Project("{FAE04EC0-301F-11D3-BF4B-00C04F79EFBC}") = "Unity.Services.Core.Threading", "Unity.Services.Core.Threading.csproj", "{f1ef9d7c-a2c0-5648-4b4e-8f2379b27424}"
EndProject
Project("{FAE04EC0-301F-11D3-BF4B-00C04F79EFBC}") = "Unity.Services.Core.Networking", "Unity.Services.Core.Networking.csproj", "{d14bc5be-b2ff-bc52-3672-5a4d66cad106}"
EndProject
Project("{FAE04EC0-301F-11D3-BF4B-00C04F79EFBC}") = "Unity.Barracuda.BurstBLAS", "Unity.Barracuda.BurstBLAS.csproj", "{6bfd5aa6-47db-bda3-6a38-acc019165e04}"
EndProject
Project("{FAE04EC0-301F-11D3-BF4B-00C04F79EFBC}") = "Unity.Services.Core.Configuration", "Unity.Services.Core.Configuration.csproj", "{0df1d3a2-a977-ec34-75f0-47578a6e7310}"
EndProject
Project("{FAE04EC0-301F-11D3-BF4B-00C04F79EFBC}") = "Unity.Barracuda.iOSBLAS", "Unity.Barracuda.iOSBLAS.csproj", "{eb776214-c5e0-3fe4-79b1-25427f67d3e9}"
EndProject
Project("{FAE04EC0-301F-11D3-BF4B-00C04F79EFBC}") = "Unity.Barracuda.MacBLAS", "Unity.Barracuda.MacBLAS.csproj", "{abcabef3-f12f-c191-2dbb-8b8870d259d2}"
EndProject
Project("{FAE04EC0-301F-11D3-BF4B-00C04F79EFBC}") = "Unity.PlasticSCM.Editor", "Unity.PlasticSCM.Editor.csproj", "{64b59e63-9874-4ad8-0ae0-205784bb4ca6}"
EndProject
Project("{FAE04EC0-301F-11D3-BF4B-00C04F79EFBC}") = "Unity.VisualScripting.Core.Editor", "Unity.VisualScripting.Core.Editor.csproj", "{10c58375-3f87-556c-5af7-f791463c7e85}"
EndProject
Project("{FAE04EC0-301F-11D3-BF4B-00C04F79EFBC}") = "Unity.VisualScripting.Flow.Editor", "Unity.VisualScripting.Flow.Editor.csproj", "{2c4d3cbd-bcde-3ada-cf7a-c79f178d6b81}"
EndProject
Project("{FAE04EC0-301F-11D3-BF4B-00C04F79EFBC}") = "Unity.VisualStudio.Editor", "Unity.VisualStudio.Editor.csproj", "{90913de1-8b9a-f699-d01c-0d5a8b0516c9}"
EndProject
Project("{FAE04EC0-301F-11D3-BF4B-00C04F79EFBC}") = "Unity.Timeline.Editor", "Unity.Timeline.Editor.csproj", "{5855d57e-5534-7c9d-5ca2-d4201db61d65}"
EndProject
Project("{FAE04EC0-301F-11D3-BF4B-00C04F79EFBC}") = "Unity.VisualScripting.State.Editor", "Unity.VisualScripting.State.Editor.csproj", "{25e87530-29e7-0d90-ca1d-2323ab3220bb}"
EndProject
Project("{FAE04EC0-301F-11D3-BF4B-00C04F79EFBC}") = "Unity.TextMeshPro.Editor", "Unity.TextMeshPro.Editor.csproj", "{f7b6f00f-58d9-a45a-2d7b-e6f19e47fa40}"
EndProject
Project("{FAE04EC0-301F-11D3-BF4B-00C04F79EFBC}") = "Unity.VisualScripting.SettingsProvider.Editor", "Unity.VisualScripting.SettingsProvider.Editor.csproj", "{69d8ad34-4cce-eff8-15ba-3fde12dda5c7}"
EndProject
Project("{FAE04EC0-301F-11D3-BF4B-00C04F79EFBC}") = "Unity.CollabProxy.Editor", "Unity.CollabProxy.Editor.csproj", "{1c4fb3ea-92fc-43e3-6a47-43ae5f37920d}"
EndProject
Project("{FAE04EC0-301F-11D3-BF4B-00C04F79EFBC}") = "UnityEditor.TestRunner", "UnityEditor.TestRunner.csproj", "{4de357e5-ee4a-c373-48ee-a27b265d912d}"
EndProject
Project("{FAE04EC0-301F-11D3-BF4B-00C04F79EFBC}") = "Unity.Services.Core.Editor", "Unity.Services.Core.Editor.csproj", "{6eae2fb0-6699-0c59-4da4-a82edb12c2f3}"
EndProject
Project("{FAE04EC0-301F-11D3-BF4B-00C04F79EFBC}") = "Unity.TestTools.CodeCoverage.Editor", "Unity.TestTools.CodeCoverage.Editor.csproj", "{5114a5d0-9d9d-7f42-f1ff-36b9262da327}"
EndProject
Project("{FAE04EC0-301F-11D3-BF4B-00C04F79EFBC}") = "Unity.Rider.Editor", "Unity.Rider.Editor.csproj", "{09a0ce8e-32af-8cc5-d83d-10b95a662330}"
EndProject
Project("{FAE04EC0-301F-11D3-BF4B-00C04F79EFBC}") = "Unity.Performance.Profile-Analyzer.Editor", "Unity.Performance.Profile-Analyzer.Editor.csproj", "{72527a19-5cb0-9154-f377-b7cf44e43c4d}"
EndProject
Project("{FAE04EC0-301F-11D3-BF4B-00C04F79EFBC}") = "Unity.Burst.CodeGen", "Unity.Burst.CodeGen.csproj", "{cd94a3fa-a0a6-20d0-df09-2937f46da3d5}"
EndProject
Project("{FAE04EC0-301F-11D3-BF4B-00C04F79EFBC}") = "Unity.VSCode.Editor", "Unity.VSCode.Editor.csproj", "{3b9a8032-14c9-fdc2-b2bb-49a49eb7d6e9}"
EndProject
Project("{FAE04EC0-301F-11D3-BF4B-00C04F79EFBC}") = "UnityEditor.UI", "UnityEditor.UI.csproj", "{daf89592-ed82-2b9b-8c75-2e649f5d00f8}"
EndProject
Project("{FAE04EC0-301F-11D3-BF4B-00C04F79EFBC}") = "Unity.TestTools.CodeCoverage.Editor.OpenCover.Model", "Unity.TestTools.CodeCoverage.Editor.OpenCover.Model.csproj", "{bd2ccfd6-0676-e6a3-21cd-c596acdd699c}"
EndProject
Project("{FAE04EC0-301F-11D3-BF4B-00C04F79EFBC}") = "Unity.EditorCoroutines.Editor", "Unity.EditorCoroutines.Editor.csproj", "{9c291a88-5900-5e82-230e-9c5974031e3d}"
EndProject
Project("{FAE04EC0-301F-11D3-BF4B-00C04F79EFBC}") = "Unity.Settings.Editor", "Unity.Settings.Editor.csproj", "{e5398b36-e09e-464a-27b9-b75810606ed8}"
EndProject
Project("{FAE04EC0-301F-11D3-BF4B-00C04F79EFBC}") = "Unity.Mathematics.Editor", "Unity.Mathematics.Editor.csproj", "{466614e6-4879-6773-91fd-5b0a63f5a55c}"
EndProject
Project("{FAE04EC0-301F-11D3-BF4B-00C04F79EFBC}") = "Unity.Services.Core.Configuration.Editor", "Unity.Services.Core.Configuration.Editor.csproj", "{47587f71-dc1f-4a1a-9a5a-51a1e5ba487f}"
EndProject
Project("{FAE04EC0-301F-11D3-BF4B-00C04F79EFBC}") = "Unity.ML-Agents.Editor", "Unity.ML-Agents.Editor.csproj", "{d71ca243-e707-5e54-325f-6b9a493baaec}"
EndProject
Project("{FAE04EC0-301F-11D3-BF4B-00C04F79EFBC}") = "Unity.Burst.Editor", "Unity.Burst.Editor.csproj", "{e2e68671-810d-3e9a-d11c-19b39d02e22b}"
EndProject
Project("{FAE04EC0-301F-11D3-BF4B-00C04F79EFBC}") = "Unity.Barracuda.Editor", "Unity.Barracuda.Editor.csproj", "{17276728-ce64-c381-ef0f-5566047f0629}"
EndProject
Project("{FAE04EC0-301F-11D3-BF4B-00C04F79EFBC}") = "Unity.TestTools.CodeCoverage.Editor.OpenCover.Mono.Reflection", "Unity.TestTools.CodeCoverage.Editor.OpenCover.Mono.Reflection.csproj", "{89d27246-6831-35ea-bf3e-c7ffc738f15b}"
EndProject
Project("{FAE04EC0-301F-11D3-BF4B-00C04F79EFBC}") = "Unity.VisualScripting.Shared.Editor", "Unity.VisualScripting.Shared.Editor.csproj", "{a8b8176a-1374-8922-4d03-015e420e5bce}"
EndProject
Project("{FAE04EC0-301F-11D3-BF4B-00C04F79EFBC}") = "Unity.AI.Navigation.Editor", "Unity.AI.Navigation.Editor.csproj", "{92603c82-6f9a-e18a-e6aa-5919ba99833e}"
EndProject
Global
	GlobalSection(SolutionConfigurationPlatforms) = preSolution
		Debug|Any CPU = Debug|Any CPU
	EndGlobalSection
	GlobalSection(ProjectConfigurationPlatforms) = postSolution
		{3d55561b-c1ec-a042-f21d-6cae87ace5ce}.Debug|Any CPU.ActiveCfg = Debug|Any CPU
		{3d55561b-c1ec-a042-f21d-6cae87ace5ce}.Debug|Any CPU.Build.0 = Debug|Any CPU
		{e9ae351c-63f4-e8da-f51e-1cbf915d784f}.Debug|Any CPU.ActiveCfg = Debug|Any CPU
		{e9ae351c-63f4-e8da-f51e-1cbf915d784f}.Debug|Any CPU.Build.0 = Debug|Any CPU
		{43a1a83e-681e-57c4-c152-32c7c948eac8}.Debug|Any CPU.ActiveCfg = Debug|Any CPU
		{43a1a83e-681e-57c4-c152-32c7c948eac8}.Debug|Any CPU.Build.0 = Debug|Any CPU
		{d6dcae6f-ab09-a82b-c9e2-f6303655c014}.Debug|Any CPU.ActiveCfg = Debug|Any CPU
		{d6dcae6f-ab09-a82b-c9e2-f6303655c014}.Debug|Any CPU.Build.0 = Debug|Any CPU
		{5cc3f33f-8adc-ef18-5959-1e07a0c6e1ee}.Debug|Any CPU.ActiveCfg = Debug|Any CPU
		{5cc3f33f-8adc-ef18-5959-1e07a0c6e1ee}.Debug|Any CPU.Build.0 = Debug|Any CPU
		{d56b4398-5185-7917-b095-4035aeea2faa}.Debug|Any CPU.ActiveCfg = Debug|Any CPU
		{d56b4398-5185-7917-b095-4035aeea2faa}.Debug|Any CPU.Build.0 = Debug|Any CPU
		{e1f586b0-c552-0a39-287f-1f3ddaed6dcc}.Debug|Any CPU.ActiveCfg = Debug|Any CPU
		{e1f586b0-c552-0a39-287f-1f3ddaed6dcc}.Debug|Any CPU.Build.0 = Debug|Any CPU
		{c9c3f36a-9627-1c96-4a39-9e5ab1a2de33}.Debug|Any CPU.ActiveCfg = Debug|Any CPU
		{c9c3f36a-9627-1c96-4a39-9e5ab1a2de33}.Debug|Any CPU.Build.0 = Debug|Any CPU
		{b76dee72-5aaa-7ed1-6e6d-67a3b63eb8b7}.Debug|Any CPU.ActiveCfg = Debug|Any CPU
		{b76dee72-5aaa-7ed1-6e6d-67a3b63eb8b7}.Debug|Any CPU.Build.0 = Debug|Any CPU
		{cbfd5bf4-b038-0e6d-3699-4c6eac37c246}.Debug|Any CPU.ActiveCfg = Debug|Any CPU
		{cbfd5bf4-b038-0e6d-3699-4c6eac37c246}.Debug|Any CPU.Build.0 = Debug|Any CPU
		{6b781954-1fa3-9ed3-ac67-f814cd053a30}.Debug|Any CPU.ActiveCfg = Debug|Any CPU
		{6b781954-1fa3-9ed3-ac67-f814cd053a30}.Debug|Any CPU.Build.0 = Debug|Any CPU
		{8d214009-43b3-c6ce-d8e5-7a6e7e089195}.Debug|Any CPU.ActiveCfg = Debug|Any CPU
		{8d214009-43b3-c6ce-d8e5-7a6e7e089195}.Debug|Any CPU.Build.0 = Debug|Any CPU
		{f77354d5-a08a-30b7-8d78-5c3a9027e9e3}.Debug|Any CPU.ActiveCfg = Debug|Any CPU
		{f77354d5-a08a-30b7-8d78-5c3a9027e9e3}.Debug|Any CPU.Build.0 = Debug|Any CPU
		{c22371e9-673a-1346-c2b1-579ccf4c1c46}.Debug|Any CPU.ActiveCfg = Debug|Any CPU
		{c22371e9-673a-1346-c2b1-579ccf4c1c46}.Debug|Any CPU.Build.0 = Debug|Any CPU
		{03ecbeb1-bac5-7e12-9130-031c87c1613f}.Debug|Any CPU.ActiveCfg = Debug|Any CPU
		{03ecbeb1-bac5-7e12-9130-031c87c1613f}.Debug|Any CPU.Build.0 = Debug|Any CPU
		{ad3eb872-a99f-e688-6998-0e5d18898af2}.Debug|Any CPU.ActiveCfg = Debug|Any CPU
		{ad3eb872-a99f-e688-6998-0e5d18898af2}.Debug|Any CPU.Build.0 = Debug|Any CPU
		{125106a0-2c9f-af56-06d9-0f870c1607ee}.Debug|Any CPU.ActiveCfg = Debug|Any CPU
		{125106a0-2c9f-af56-06d9-0f870c1607ee}.Debug|Any CPU.Build.0 = Debug|Any CPU
		{cfaf2248-f5b2-0d4f-27f5-b43aeba592cc}.Debug|Any CPU.ActiveCfg = Debug|Any CPU
		{cfaf2248-f5b2-0d4f-27f5-b43aeba592cc}.Debug|Any CPU.Build.0 = Debug|Any CPU
		{174f775a-60d4-80fd-95d3-a3917db5c8bc}.Debug|Any CPU.ActiveCfg = Debug|Any CPU
		{174f775a-60d4-80fd-95d3-a3917db5c8bc}.Debug|Any CPU.Build.0 = Debug|Any CPU
		{81cc957a-2dc5-6f72-0034-e3ac821ad0f6}.Debug|Any CPU.ActiveCfg = Debug|Any CPU
		{81cc957a-2dc5-6f72-0034-e3ac821ad0f6}.Debug|Any CPU.Build.0 = Debug|Any CPU
		{e5822158-08d3-4d3a-dd5b-88f11d8f21b6}.Debug|Any CPU.ActiveCfg = Debug|Any CPU
		{e5822158-08d3-4d3a-dd5b-88f11d8f21b6}.Debug|Any CPU.Build.0 = Debug|Any CPU
		{c83e12a9-b790-3ba0-0272-e91dd1c7a067}.Debug|Any CPU.ActiveCfg = Debug|Any CPU
		{c83e12a9-b790-3ba0-0272-e91dd1c7a067}.Debug|Any CPU.Build.0 = Debug|Any CPU
		{6392ba99-5826-2174-1b02-86b86c223305}.Debug|Any CPU.ActiveCfg = Debug|Any CPU
		{6392ba99-5826-2174-1b02-86b86c223305}.Debug|Any CPU.Build.0 = Debug|Any CPU
		{57075ee6-f2ae-5a7a-0137-17f9401e95ce}.Debug|Any CPU.ActiveCfg = Debug|Any CPU
		{57075ee6-f2ae-5a7a-0137-17f9401e95ce}.Debug|Any CPU.Build.0 = Debug|Any CPU
		{f1ef9d7c-a2c0-5648-4b4e-8f2379b27424}.Debug|Any CPU.ActiveCfg = Debug|Any CPU
		{f1ef9d7c-a2c0-5648-4b4e-8f2379b27424}.Debug|Any CPU.Build.0 = Debug|Any CPU
		{d14bc5be-b2ff-bc52-3672-5a4d66cad106}.Debug|Any CPU.ActiveCfg = Debug|Any CPU
		{d14bc5be-b2ff-bc52-3672-5a4d66cad106}.Debug|Any CPU.Build.0 = Debug|Any CPU
		{6bfd5aa6-47db-bda3-6a38-acc019165e04}.Debug|Any CPU.ActiveCfg = Debug|Any CPU
		{6bfd5aa6-47db-bda3-6a38-acc019165e04}.Debug|Any CPU.Build.0 = Debug|Any CPU
		{0df1d3a2-a977-ec34-75f0-47578a6e7310}.Debug|Any CPU.ActiveCfg = Debug|Any CPU
		{0df1d3a2-a977-ec34-75f0-47578a6e7310}.Debug|Any CPU.Build.0 = Debug|Any CPU
		{eb776214-c5e0-3fe4-79b1-25427f67d3e9}.Debug|Any CPU.ActiveCfg = Debug|Any CPU
		{eb776214-c5e0-3fe4-79b1-25427f67d3e9}.Debug|Any CPU.Build.0 = Debug|Any CPU
		{abcabef3-f12f-c191-2dbb-8b8870d259d2}.Debug|Any CPU.ActiveCfg = Debug|Any CPU
		{abcabef3-f12f-c191-2dbb-8b8870d259d2}.Debug|Any CPU.Build.0 = Debug|Any CPU
		{64b59e63-9874-4ad8-0ae0-205784bb4ca6}.Debug|Any CPU.ActiveCfg = Debug|Any CPU
		{64b59e63-9874-4ad8-0ae0-205784bb4ca6}.Debug|Any CPU.Build.0 = Debug|Any CPU
		{10c58375-3f87-556c-5af7-f791463c7e85}.Debug|Any CPU.ActiveCfg = Debug|Any CPU
		{10c58375-3f87-556c-5af7-f791463c7e85}.Debug|Any CPU.Build.0 = Debug|Any CPU
		{2c4d3cbd-bcde-3ada-cf7a-c79f178d6b81}.Debug|Any CPU.ActiveCfg = Debug|Any CPU
		{2c4d3cbd-bcde-3ada-cf7a-c79f178d6b81}.Debug|Any CPU.Build.0 = Debug|Any CPU
		{90913de1-8b9a-f699-d01c-0d5a8b0516c9}.Debug|Any CPU.ActiveCfg = Debug|Any CPU
		{90913de1-8b9a-f699-d01c-0d5a8b0516c9}.Debug|Any CPU.Build.0 = Debug|Any CPU
		{5855d57e-5534-7c9d-5ca2-d4201db61d65}.Debug|Any CPU.ActiveCfg = Debug|Any CPU
		{5855d57e-5534-7c9d-5ca2-d4201db61d65}.Debug|Any CPU.Build.0 = Debug|Any CPU
		{25e87530-29e7-0d90-ca1d-2323ab3220bb}.Debug|Any CPU.ActiveCfg = Debug|Any CPU
		{25e87530-29e7-0d90-ca1d-2323ab3220bb}.Debug|Any CPU.Build.0 = Debug|Any CPU
		{f7b6f00f-58d9-a45a-2d7b-e6f19e47fa40}.Debug|Any CPU.ActiveCfg = Debug|Any CPU
		{f7b6f00f-58d9-a45a-2d7b-e6f19e47fa40}.Debug|Any CPU.Build.0 = Debug|Any CPU
		{69d8ad34-4cce-eff8-15ba-3fde12dda5c7}.Debug|Any CPU.ActiveCfg = Debug|Any CPU
		{69d8ad34-4cce-eff8-15ba-3fde12dda5c7}.Debug|Any CPU.Build.0 = Debug|Any CPU
		{1c4fb3ea-92fc-43e3-6a47-43ae5f37920d}.Debug|Any CPU.ActiveCfg = Debug|Any CPU
		{1c4fb3ea-92fc-43e3-6a47-43ae5f37920d}.Debug|Any CPU.Build.0 = Debug|Any CPU
		{4de357e5-ee4a-c373-48ee-a27b265d912d}.Debug|Any CPU.ActiveCfg = Debug|Any CPU
		{4de357e5-ee4a-c373-48ee-a27b265d912d}.Debug|Any CPU.Build.0 = Debug|Any CPU
		{6eae2fb0-6699-0c59-4da4-a82edb12c2f3}.Debug|Any CPU.ActiveCfg = Debug|Any CPU
		{6eae2fb0-6699-0c59-4da4-a82edb12c2f3}.Debug|Any CPU.Build.0 = Debug|Any CPU
		{5114a5d0-9d9d-7f42-f1ff-36b9262da327}.Debug|Any CPU.ActiveCfg = Debug|Any CPU
		{5114a5d0-9d9d-7f42-f1ff-36b9262da327}.Debug|Any CPU.Build.0 = Debug|Any CPU
		{09a0ce8e-32af-8cc5-d83d-10b95a662330}.Debug|Any CPU.ActiveCfg = Debug|Any CPU
		{09a0ce8e-32af-8cc5-d83d-10b95a662330}.Debug|Any CPU.Build.0 = Debug|Any CPU
		{72527a19-5cb0-9154-f377-b7cf44e43c4d}.Debug|Any CPU.ActiveCfg = Debug|Any CPU
		{72527a19-5cb0-9154-f377-b7cf44e43c4d}.Debug|Any CPU.Build.0 = Debug|Any CPU
		{cd94a3fa-a0a6-20d0-df09-2937f46da3d5}.Debug|Any CPU.ActiveCfg = Debug|Any CPU
		{cd94a3fa-a0a6-20d0-df09-2937f46da3d5}.Debug|Any CPU.Build.0 = Debug|Any CPU
		{3b9a8032-14c9-fdc2-b2bb-49a49eb7d6e9}.Debug|Any CPU.ActiveCfg = Debug|Any CPU
		{3b9a8032-14c9-fdc2-b2bb-49a49eb7d6e9}.Debug|Any CPU.Build.0 = Debug|Any CPU
		{daf89592-ed82-2b9b-8c75-2e649f5d00f8}.Debug|Any CPU.ActiveCfg = Debug|Any CPU
		{daf89592-ed82-2b9b-8c75-2e649f5d00f8}.Debug|Any CPU.Build.0 = Debug|Any CPU
		{bd2ccfd6-0676-e6a3-21cd-c596acdd699c}.Debug|Any CPU.ActiveCfg = Debug|Any CPU
		{bd2ccfd6-0676-e6a3-21cd-c596acdd699c}.Debug|Any CPU.Build.0 = Debug|Any CPU
		{9c291a88-5900-5e82-230e-9c5974031e3d}.Debug|Any CPU.ActiveCfg = Debug|Any CPU
		{9c291a88-5900-5e82-230e-9c5974031e3d}.Debug|Any CPU.Build.0 = Debug|Any CPU
		{e5398b36-e09e-464a-27b9-b75810606ed8}.Debug|Any CPU.ActiveCfg = Debug|Any CPU
		{e5398b36-e09e-464a-27b9-b75810606ed8}.Debug|Any CPU.Build.0 = Debug|Any CPU
		{466614e6-4879-6773-91fd-5b0a63f5a55c}.Debug|Any CPU.ActiveCfg = Debug|Any CPU
		{466614e6-4879-6773-91fd-5b0a63f5a55c}.Debug|Any CPU.Build.0 = Debug|Any CPU
		{47587f71-dc1f-4a1a-9a5a-51a1e5ba487f}.Debug|Any CPU.ActiveCfg = Debug|Any CPU
		{47587f71-dc1f-4a1a-9a5a-51a1e5ba487f}.Debug|Any CPU.Build.0 = Debug|Any CPU
		{d71ca243-e707-5e54-325f-6b9a493baaec}.Debug|Any CPU.ActiveCfg = Debug|Any CPU
		{d71ca243-e707-5e54-325f-6b9a493baaec}.Debug|Any CPU.Build.0 = Debug|Any CPU
		{e2e68671-810d-3e9a-d11c-19b39d02e22b}.Debug|Any CPU.ActiveCfg = Debug|Any CPU
		{e2e68671-810d-3e9a-d11c-19b39d02e22b}.Debug|Any CPU.Build.0 = Debug|Any CPU
		{17276728-ce64-c381-ef0f-5566047f0629}.Debug|Any CPU.ActiveCfg = Debug|Any CPU
		{17276728-ce64-c381-ef0f-5566047f0629}.Debug|Any CPU.Build.0 = Debug|Any CPU
		{89d27246-6831-35ea-bf3e-c7ffc738f15b}.Debug|Any CPU.ActiveCfg = Debug|Any CPU
		{89d27246-6831-35ea-bf3e-c7ffc738f15b}.Debug|Any CPU.Build.0 = Debug|Any CPU
		{a8b8176a-1374-8922-4d03-015e420e5bce}.Debug|Any CPU.ActiveCfg = Debug|Any CPU
		{a8b8176a-1374-8922-4d03-015e420e5bce}.Debug|Any CPU.Build.0 = Debug|Any CPU
		{92603c82-6f9a-e18a-e6aa-5919ba99833e}.Debug|Any CPU.ActiveCfg = Debug|Any CPU
		{92603c82-6f9a-e18a-e6aa-5919ba99833e}.Debug|Any CPU.Build.0 = Debug|Any CPU
	EndGlobalSection
	GlobalSection(SolutionProperties) = preSolution
		HideSolutionNode = FALSE
	EndGlobalSection
EndGlobal
