
Microsoft Visual Studio Solution File, Format Version 11.00
# Visual Studio 2010
Project("{FAE04EC0-301F-11D3-BF4B-00C04F79EFBC}") = "Unity.ML-Agents", "Unity.ML-Agents.csproj", "{6b7a7e00-b02b-3ec5-973e-1d8932b3e98e}"
EndProject
Project("{FAE04EC0-301F-11D3-BF4B-00C04F79EFBC}") = "Assembly-CSharp", "Assembly-CSharp.csproj", "{3b9912d3-06fe-5efc-ea55-48df750e64ef}"
EndProject
Project("{FAE04EC0-301F-11D3-BF4B-00C04F79EFBC}") = "UnityEngine.TestRunner", "UnityEngine.TestRunner.csproj", "{b8f7755a-0200-ac39-37a1-2fd5902e5f04}"
EndProject
Project("{FAE04EC0-301F-11D3-BF4B-00C04F79EFBC}") = "UnityEngine.UI", "UnityEngine.UI.csproj", "{7f5cc1f5-02da-393a-bdd3-8cebfd1728c2}"
EndProject
Project("{FAE04EC0-301F-11D3-BF4B-00C04F79EFBC}") = "Unity.VisualScripting.Flow", "Unity.VisualScripting.Flow.csproj", "{12501f37-2215-76cf-7432-701f3c45fdf8}"
EndProject
Project("{FAE04EC0-301F-11D3-BF4B-00C04F79EFBC}") = "Unity.Barracuda", "Unity.Barracuda.csproj", "{15d78895-5ae0-7f2b-555f-5ffc847276e8}"
EndProject
Project("{FAE04EC0-301F-11D3-BF4B-00C04F79EFBC}") = "Unity.Mathematics", "Unity.Mathematics.csproj", "{8843235d-2305-eb3a-2f2a-154a31ae8da9}"
EndProject
Project("{FAE04EC0-301F-11D3-BF4B-00C04F79EFBC}") = "Unity.Services.Core.Telemetry", "Unity.Services.Core.Telemetry.csproj", "{02986fd4-7214-7adb-0657-917d80af87e2}"
EndProject
Project("{FAE04EC0-301F-11D3-BF4B-00C04F79EFBC}") = "Unity.Barracuda.ONNX", "Unity.Barracuda.ONNX.csproj", "{11210b37-108c-cd31-e6b8-b7a1ded60327}"
EndProject
Project("{FAE04EC0-301F-11D3-BF4B-00C04F79EFBC}") = "Unity.VisualScripting.State", "Unity.VisualScripting.State.csproj", "{a9b6c2f2-3ee6-8077-685b-751ad7bbed0e}"
EndProject
Project("{FAE04EC0-301F-11D3-BF4B-00C04F79EFBC}") = "Unity.VisualScripting.Core", "Unity.VisualScripting.Core.csproj", "{a996dcac-754d-0e06-ce0d-924f4e9f606a}"
EndProject
Project("{FAE04EC0-301F-11D3-BF4B-00C04F79EFBC}") = "Unity.Services.Core.Environments.Internal", "Unity.Services.Core.Environments.Internal.csproj", "{135f8941-278f-9109-7f50-8f6b3a00161c}"
EndProject
Project("{FAE04EC0-301F-11D3-BF4B-00C04F79EFBC}") = "Unity.Burst", "Unity.Burst.csproj", "{1d3ce0a6-7589-2dd4-2ee8-2f4cca3f4444}"
EndProject
Project("{FAE04EC0-301F-11D3-BF4B-00C04F79EFBC}") = "Unity.AI.Navigation", "Unity.AI.Navigation.csproj", "{4a50fa42-a7ee-2a4d-b471-fbcba2b30e62}"
EndProject
Project("{FAE04EC0-301F-11D3-BF4B-00C04F79EFBC}") = "Unity.TextMeshPro", "Unity.TextMeshPro.csproj", "{6d0a7168-ad32-5b7c-61de-5dd5a24ff982}"
EndProject
Project("{FAE04EC0-301F-11D3-BF4B-00C04F79EFBC}") = "Unity.Timeline", "Unity.Timeline.csproj", "{4daa94ee-ca3d-6d73-ce26-3f363ecc392d}"
EndProject
Project("{FAE04EC0-301F-11D3-BF4B-00C04F79EFBC}") = "Unity.Services.Core", "Unity.Services.Core.csproj", "{d367eace-b539-09ae-40d2-75b3d46e0b04}"
EndProject
Project("{FAE04EC0-301F-11D3-BF4B-00C04F79EFBC}") = "Unity.ML-Agents.CommunicatorObjects", "Unity.ML-Agents.CommunicatorObjects.csproj", "{ffd627e8-19eb-ae6c-172d-57090174ac3a}"
EndProject
Project("{FAE04EC0-301F-11D3-BF4B-00C04F79EFBC}") = "Unity.Services.Core.Environments", "Unity.Services.Core.Environments.csproj", "{02ccfc9a-cf98-2208-4a8c-44a8cbc533fc}"
EndProject
Project("{FAE04EC0-301F-11D3-BF4B-00C04F79EFBC}") = "Unity.Services.Core.Internal", "Unity.Services.Core.Internal.csproj", "{9c9cf1cc-ccf9-efbf-0347-2ab55229ddf6}"
EndProject
Project("{FAE04EC0-301F-11D3-BF4B-00C04F79EFBC}") = "Unity.Services.Core.Analytics", "Unity.Services.Core.Analytics.csproj", "{fce47546-ceb0-67af-5cd5-11555ed6a1f7}"
EndProject
Project("{FAE04EC0-301F-11D3-BF4B-00C04F79EFBC}") = "Unity.Services.Core.Scheduler", "Unity.Services.Core.Scheduler.csproj", "{17ae227a-d950-81ca-102c-c6e513bbde79}"
EndProject
Project("{FAE04EC0-301F-11D3-BF4B-00C04F79EFBC}") = "Unity.Services.Core.Registration", "Unity.Services.Core.Registration.csproj", "{8eab3376-250a-124d-1330-f3ff99bb1da4}"
EndProject
Project("{FAE04EC0-301F-11D3-BF4B-00C04F79EFBC}") = "Unity.Services.Core.Device", "Unity.Services.Core.Device.csproj", "{2eb69fff-3810-9d73-5741-82756b1fb08e}"
EndProject
Project("{FAE04EC0-301F-11D3-BF4B-00C04F79EFBC}") = "Unity.Services.Core.Threading", "Unity.Services.Core.Threading.csproj", "{89ffd061-1d0c-8059-29d7-507b370dd800}"
EndProject
Project("{FAE04EC0-301F-11D3-BF4B-00C04F79EFBC}") = "Unity.Services.Core.Networking", "Unity.Services.Core.Networking.csproj", "{7b94aa3a-01a3-4943-1517-fdff68460a4f}"
EndProject
Project("{FAE04EC0-301F-11D3-BF4B-00C04F79EFBC}") = "Unity.Barracuda.BurstBLAS", "Unity.Barracuda.BurstBLAS.csproj", "{d1db774b-6b96-fc9c-7863-19edd7fd3782}"
EndProject
Project("{FAE04EC0-301F-11D3-BF4B-00C04F79EFBC}") = "Unity.Services.Core.Configuration", "Unity.Services.Core.Configuration.csproj", "{f623e9e9-7426-70bd-429f-0e0c3b82c61a}"
EndProject
Project("{FAE04EC0-301F-11D3-BF4B-00C04F79EFBC}") = "Unity.Barracuda.iOSBLAS", "Unity.Barracuda.iOSBLAS.csproj", "{e99d00d7-2e42-12c9-f126-f613068e9875}"
EndProject
Project("{FAE04EC0-301F-11D3-BF4B-00C04F79EFBC}") = "Unity.Barracuda.MacBLAS", "Unity.Barracuda.MacBLAS.csproj", "{fdb18ed9-c748-3b33-534a-d89911e07edf}"
EndProject
Project("{FAE04EC0-301F-11D3-BF4B-00C04F79EFBC}") = "Unity.PlasticSCM.Editor", "Unity.PlasticSCM.Editor.csproj", "{2aabb66d-ca1d-49ef-5c93-19a904e11a23}"
EndProject
Project("{FAE04EC0-301F-11D3-BF4B-00C04F79EFBC}") = "Unity.VisualScripting.Core.Editor", "Unity.VisualScripting.Core.Editor.csproj", "{de5577bc-72e0-e23a-69d4-80f16dd8f9cb}"
EndProject
Project("{FAE04EC0-301F-11D3-BF4B-00C04F79EFBC}") = "Unity.VisualScripting.Flow.Editor", "Unity.VisualScripting.Flow.Editor.csproj", "{bc12e44c-e8af-77b2-0d15-89f2cbfc292f}"
EndProject
Project("{FAE04EC0-301F-11D3-BF4B-00C04F79EFBC}") = "Unity.VisualStudio.Editor", "Unity.VisualStudio.Editor.csproj", "{cb9d4a46-74d0-1879-3c2a-a82b6b9e7c12}"
EndProject
Project("{FAE04EC0-301F-11D3-BF4B-00C04F79EFBC}") = "Unity.Timeline.Editor", "Unity.Timeline.Editor.csproj", "{bcdc9009-7ea6-3545-9fdb-5e9f8e8e933f}"
EndProject
Project("{FAE04EC0-301F-11D3-BF4B-00C04F79EFBC}") = "Unity.VisualScripting.State.Editor", "Unity.VisualScripting.State.Editor.csproj", "{806ad1cf-3ec4-6657-8af7-9d680acdaa82}"
EndProject
Project("{FAE04EC0-301F-11D3-BF4B-00C04F79EFBC}") = "Unity.TextMeshPro.Editor", "Unity.TextMeshPro.Editor.csproj", "{b527b08f-cc9a-d776-20e6-6dd8ebf54343}"
EndProject
Project("{FAE04EC0-301F-11D3-BF4B-00C04F79EFBC}") = "Unity.VisualScripting.SettingsProvider.Editor", "Unity.VisualScripting.SettingsProvider.Editor.csproj", "{4c71ac6b-c2c3-a968-d503-7aeba33be189}"
EndProject
Project("{FAE04EC0-301F-11D3-BF4B-00C04F79EFBC}") = "Unity.CollabProxy.Editor", "Unity.CollabProxy.Editor.csproj", "{16b4ce65-0cb8-6d5c-51d4-63ebb58f8592}"
EndProject
Project("{FAE04EC0-301F-11D3-BF4B-00C04F79EFBC}") = "UnityEditor.TestRunner", "UnityEditor.TestRunner.csproj", "{ae5a9b0c-63bf-7259-4793-a6bfc9063c7a}"
EndProject
Project("{FAE04EC0-301F-11D3-BF4B-00C04F79EFBC}") = "Unity.Services.Core.Editor", "Unity.Services.Core.Editor.csproj", "{9e50dd29-28d4-dddc-0dce-e88287630313}"
EndProject
Project("{FAE04EC0-301F-11D3-BF4B-00C04F79EFBC}") = "Unity.TestTools.CodeCoverage.Editor", "Unity.TestTools.CodeCoverage.Editor.csproj", "{9aabab66-5eb5-64f8-63f7-b27064f4eaba}"
EndProject
Project("{FAE04EC0-301F-11D3-BF4B-00C04F79EFBC}") = "Unity.Rider.Editor", "Unity.Rider.Editor.csproj", "{31c4a692-84ae-1e4d-3d25-0ff911371267}"
EndProject
Project("{FAE04EC0-301F-11D3-BF4B-00C04F79EFBC}") = "Unity.Performance.Profile-Analyzer.Editor", "Unity.Performance.Profile-Analyzer.Editor.csproj", "{1e8d05df-c941-e739-1999-f9746d47226c}"
EndProject
Project("{FAE04EC0-301F-11D3-BF4B-00C04F79EFBC}") = "Unity.Burst.CodeGen", "Unity.Burst.CodeGen.csproj", "{3b1cd54c-59c5-5e6c-d89e-7f7c2428480d}"
EndProject
Project("{FAE04EC0-301F-11D3-BF4B-00C04F79EFBC}") = "Unity.VSCode.Editor", "Unity.VSCode.Editor.csproj", "{8826ad6b-c91e-146f-eba9-2473fd8dbe21}"
EndProject
Project("{FAE04EC0-301F-11D3-BF4B-00C04F79EFBC}") = "UnityEditor.UI", "UnityEditor.UI.csproj", "{01ed7365-4c04-e938-d388-d173068e5d05}"
EndProject
Project("{FAE04EC0-301F-11D3-BF4B-00C04F79EFBC}") = "Unity.TestTools.CodeCoverage.Editor.OpenCover.Model", "Unity.TestTools.CodeCoverage.Editor.OpenCover.Model.csproj", "{7a888eb5-236f-0956-1631-d8060f676951}"
EndProject
Project("{FAE04EC0-301F-11D3-BF4B-00C04F79EFBC}") = "Unity.EditorCoroutines.Editor", "Unity.EditorCoroutines.Editor.csproj", "{3aa164e3-df39-4eec-7c2f-2ccac67c522e}"
EndProject
Project("{FAE04EC0-301F-11D3-BF4B-00C04F79EFBC}") = "Unity.Settings.Editor", "Unity.Settings.Editor.csproj", "{9165cc0f-d872-82c6-557e-fdd1c64f2183}"
EndProject
Project("{FAE04EC0-301F-11D3-BF4B-00C04F79EFBC}") = "Unity.Mathematics.Editor", "Unity.Mathematics.Editor.csproj", "{5cb71725-d023-9ad9-8665-99021e8132dc}"
EndProject
Project("{FAE04EC0-301F-11D3-BF4B-00C04F79EFBC}") = "Unity.Services.Core.Configuration.Editor", "Unity.Services.Core.Configuration.Editor.csproj", "{85ef4877-256c-cd7b-445a-1b7abdba9bff}"
EndProject
Project("{FAE04EC0-301F-11D3-BF4B-00C04F79EFBC}") = "Unity.ML-Agents.Editor", "Unity.ML-Agents.Editor.csproj", "{50bf0927-1eb9-c8ed-d5fe-450067c175e5}"
EndProject
Project("{FAE04EC0-301F-11D3-BF4B-00C04F79EFBC}") = "Unity.Burst.Editor", "Unity.Burst.Editor.csproj", "{5977908b-e087-baa5-6a1e-5134281bf8aa}"
EndProject
Project("{FAE04EC0-301F-11D3-BF4B-00C04F79EFBC}") = "Unity.Barracuda.Editor", "Unity.Barracuda.Editor.csproj", "{e7e068a2-ed1b-6d45-5673-801f75ac9c28}"
EndProject
Project("{FAE04EC0-301F-11D3-BF4B-00C04F79EFBC}") = "Unity.TestTools.CodeCoverage.Editor.OpenCover.Mono.Reflection", "Unity.TestTools.CodeCoverage.Editor.OpenCover.Mono.Reflection.csproj", "{9614364d-29e2-1821-af60-b94d7748bca6}"
EndProject
Project("{FAE04EC0-301F-11D3-BF4B-00C04F79EFBC}") = "Unity.VisualScripting.Shared.Editor", "Unity.VisualScripting.Shared.Editor.csproj", "{151e2f73-1453-12c9-b591-0a3fdbf6e342}"
EndProject
Project("{FAE04EC0-301F-11D3-BF4B-00C04F79EFBC}") = "Unity.AI.Navigation.Editor", "Unity.AI.Navigation.Editor.csproj", "{2b905608-2f21-acb4-9237-2a330d1cfe35}"
EndProject
Global
	GlobalSection(SolutionConfigurationPlatforms) = preSolution
		Debug|Any CPU = Debug|Any CPU
	EndGlobalSection
	GlobalSection(ProjectConfigurationPlatforms) = postSolution
		{6b7a7e00-b02b-3ec5-973e-1d8932b3e98e}.Debug|Any CPU.ActiveCfg = Debug|Any CPU
		{6b7a7e00-b02b-3ec5-973e-1d8932b3e98e}.Debug|Any CPU.Build.0 = Debug|Any CPU
		{3b9912d3-06fe-5efc-ea55-48df750e64ef}.Debug|Any CPU.ActiveCfg = Debug|Any CPU
		{3b9912d3-06fe-5efc-ea55-48df750e64ef}.Debug|Any CPU.Build.0 = Debug|Any CPU
		{b8f7755a-0200-ac39-37a1-2fd5902e5f04}.Debug|Any CPU.ActiveCfg = Debug|Any CPU
		{b8f7755a-0200-ac39-37a1-2fd5902e5f04}.Debug|Any CPU.Build.0 = Debug|Any CPU
		{7f5cc1f5-02da-393a-bdd3-8cebfd1728c2}.Debug|Any CPU.ActiveCfg = Debug|Any CPU
		{7f5cc1f5-02da-393a-bdd3-8cebfd1728c2}.Debug|Any CPU.Build.0 = Debug|Any CPU
		{12501f37-2215-76cf-7432-701f3c45fdf8}.Debug|Any CPU.ActiveCfg = Debug|Any CPU
		{12501f37-2215-76cf-7432-701f3c45fdf8}.Debug|Any CPU.Build.0 = Debug|Any CPU
		{15d78895-5ae0-7f2b-555f-5ffc847276e8}.Debug|Any CPU.ActiveCfg = Debug|Any CPU
		{15d78895-5ae0-7f2b-555f-5ffc847276e8}.Debug|Any CPU.Build.0 = Debug|Any CPU
		{8843235d-2305-eb3a-2f2a-154a31ae8da9}.Debug|Any CPU.ActiveCfg = Debug|Any CPU
		{8843235d-2305-eb3a-2f2a-154a31ae8da9}.Debug|Any CPU.Build.0 = Debug|Any CPU
		{02986fd4-7214-7adb-0657-917d80af87e2}.Debug|Any CPU.ActiveCfg = Debug|Any CPU
		{02986fd4-7214-7adb-0657-917d80af87e2}.Debug|Any CPU.Build.0 = Debug|Any CPU
		{11210b37-108c-cd31-e6b8-b7a1ded60327}.Debug|Any CPU.ActiveCfg = Debug|Any CPU
		{11210b37-108c-cd31-e6b8-b7a1ded60327}.Debug|Any CPU.Build.0 = Debug|Any CPU
		{a9b6c2f2-3ee6-8077-685b-751ad7bbed0e}.Debug|Any CPU.ActiveCfg = Debug|Any CPU
		{a9b6c2f2-3ee6-8077-685b-751ad7bbed0e}.Debug|Any CPU.Build.0 = Debug|Any CPU
		{a996dcac-754d-0e06-ce0d-924f4e9f606a}.Debug|Any CPU.ActiveCfg = Debug|Any CPU
		{a996dcac-754d-0e06-ce0d-924f4e9f606a}.Debug|Any CPU.Build.0 = Debug|Any CPU
		{135f8941-278f-9109-7f50-8f6b3a00161c}.Debug|Any CPU.ActiveCfg = Debug|Any CPU
		{135f8941-278f-9109-7f50-8f6b3a00161c}.Debug|Any CPU.Build.0 = Debug|Any CPU
		{1d3ce0a6-7589-2dd4-2ee8-2f4cca3f4444}.Debug|Any CPU.ActiveCfg = Debug|Any CPU
		{1d3ce0a6-7589-2dd4-2ee8-2f4cca3f4444}.Debug|Any CPU.Build.0 = Debug|Any CPU
		{4a50fa42-a7ee-2a4d-b471-fbcba2b30e62}.Debug|Any CPU.ActiveCfg = Debug|Any CPU
		{4a50fa42-a7ee-2a4d-b471-fbcba2b30e62}.Debug|Any CPU.Build.0 = Debug|Any CPU
		{6d0a7168-ad32-5b7c-61de-5dd5a24ff982}.Debug|Any CPU.ActiveCfg = Debug|Any CPU
		{6d0a7168-ad32-5b7c-61de-5dd5a24ff982}.Debug|Any CPU.Build.0 = Debug|Any CPU
		{4daa94ee-ca3d-6d73-ce26-3f363ecc392d}.Debug|Any CPU.ActiveCfg = Debug|Any CPU
		{4daa94ee-ca3d-6d73-ce26-3f363ecc392d}.Debug|Any CPU.Build.0 = Debug|Any CPU
		{d367eace-b539-09ae-40d2-75b3d46e0b04}.Debug|Any CPU.ActiveCfg = Debug|Any CPU
		{d367eace-b539-09ae-40d2-75b3d46e0b04}.Debug|Any CPU.Build.0 = Debug|Any CPU
		{ffd627e8-19eb-ae6c-172d-57090174ac3a}.Debug|Any CPU.ActiveCfg = Debug|Any CPU
		{ffd627e8-19eb-ae6c-172d-57090174ac3a}.Debug|Any CPU.Build.0 = Debug|Any CPU
		{02ccfc9a-cf98-2208-4a8c-44a8cbc533fc}.Debug|Any CPU.ActiveCfg = Debug|Any CPU
		{02ccfc9a-cf98-2208-4a8c-44a8cbc533fc}.Debug|Any CPU.Build.0 = Debug|Any CPU
		{9c9cf1cc-ccf9-efbf-0347-2ab55229ddf6}.Debug|Any CPU.ActiveCfg = Debug|Any CPU
		{9c9cf1cc-ccf9-efbf-0347-2ab55229ddf6}.Debug|Any CPU.Build.0 = Debug|Any CPU
		{fce47546-ceb0-67af-5cd5-11555ed6a1f7}.Debug|Any CPU.ActiveCfg = Debug|Any CPU
		{fce47546-ceb0-67af-5cd5-11555ed6a1f7}.Debug|Any CPU.Build.0 = Debug|Any CPU
		{17ae227a-d950-81ca-102c-c6e513bbde79}.Debug|Any CPU.ActiveCfg = Debug|Any CPU
		{17ae227a-d950-81ca-102c-c6e513bbde79}.Debug|Any CPU.Build.0 = Debug|Any CPU
		{8eab3376-250a-124d-1330-f3ff99bb1da4}.Debug|Any CPU.ActiveCfg = Debug|Any CPU
		{8eab3376-250a-124d-1330-f3ff99bb1da4}.Debug|Any CPU.Build.0 = Debug|Any CPU
		{2eb69fff-3810-9d73-5741-82756b1fb08e}.Debug|Any CPU.ActiveCfg = Debug|Any CPU
		{2eb69fff-3810-9d73-5741-82756b1fb08e}.Debug|Any CPU.Build.0 = Debug|Any CPU
		{89ffd061-1d0c-8059-29d7-507b370dd800}.Debug|Any CPU.ActiveCfg = Debug|Any CPU
		{89ffd061-1d0c-8059-29d7-507b370dd800}.Debug|Any CPU.Build.0 = Debug|Any CPU
		{7b94aa3a-01a3-4943-1517-fdff68460a4f}.Debug|Any CPU.ActiveCfg = Debug|Any CPU
		{7b94aa3a-01a3-4943-1517-fdff68460a4f}.Debug|Any CPU.Build.0 = Debug|Any CPU
		{d1db774b-6b96-fc9c-7863-19edd7fd3782}.Debug|Any CPU.ActiveCfg = Debug|Any CPU
		{d1db774b-6b96-fc9c-7863-19edd7fd3782}.Debug|Any CPU.Build.0 = Debug|Any CPU
		{f623e9e9-7426-70bd-429f-0e0c3b82c61a}.Debug|Any CPU.ActiveCfg = Debug|Any CPU
		{f623e9e9-7426-70bd-429f-0e0c3b82c61a}.Debug|Any CPU.Build.0 = Debug|Any CPU
		{e99d00d7-2e42-12c9-f126-f613068e9875}.Debug|Any CPU.ActiveCfg = Debug|Any CPU
		{e99d00d7-2e42-12c9-f126-f613068e9875}.Debug|Any CPU.Build.0 = Debug|Any CPU
		{fdb18ed9-c748-3b33-534a-d89911e07edf}.Debug|Any CPU.ActiveCfg = Debug|Any CPU
		{fdb18ed9-c748-3b33-534a-d89911e07edf}.Debug|Any CPU.Build.0 = Debug|Any CPU
		{2aabb66d-ca1d-49ef-5c93-19a904e11a23}.Debug|Any CPU.ActiveCfg = Debug|Any CPU
		{2aabb66d-ca1d-49ef-5c93-19a904e11a23}.Debug|Any CPU.Build.0 = Debug|Any CPU
		{de5577bc-72e0-e23a-69d4-80f16dd8f9cb}.Debug|Any CPU.ActiveCfg = Debug|Any CPU
		{de5577bc-72e0-e23a-69d4-80f16dd8f9cb}.Debug|Any CPU.Build.0 = Debug|Any CPU
		{bc12e44c-e8af-77b2-0d15-89f2cbfc292f}.Debug|Any CPU.ActiveCfg = Debug|Any CPU
		{bc12e44c-e8af-77b2-0d15-89f2cbfc292f}.Debug|Any CPU.Build.0 = Debug|Any CPU
		{cb9d4a46-74d0-1879-3c2a-a82b6b9e7c12}.Debug|Any CPU.ActiveCfg = Debug|Any CPU
		{cb9d4a46-74d0-1879-3c2a-a82b6b9e7c12}.Debug|Any CPU.Build.0 = Debug|Any CPU
		{bcdc9009-7ea6-3545-9fdb-5e9f8e8e933f}.Debug|Any CPU.ActiveCfg = Debug|Any CPU
		{bcdc9009-7ea6-3545-9fdb-5e9f8e8e933f}.Debug|Any CPU.Build.0 = Debug|Any CPU
		{806ad1cf-3ec4-6657-8af7-9d680acdaa82}.Debug|Any CPU.ActiveCfg = Debug|Any CPU
		{806ad1cf-3ec4-6657-8af7-9d680acdaa82}.Debug|Any CPU.Build.0 = Debug|Any CPU
		{b527b08f-cc9a-d776-20e6-6dd8ebf54343}.Debug|Any CPU.ActiveCfg = Debug|Any CPU
		{b527b08f-cc9a-d776-20e6-6dd8ebf54343}.Debug|Any CPU.Build.0 = Debug|Any CPU
		{4c71ac6b-c2c3-a968-d503-7aeba33be189}.Debug|Any CPU.ActiveCfg = Debug|Any CPU
		{4c71ac6b-c2c3-a968-d503-7aeba33be189}.Debug|Any CPU.Build.0 = Debug|Any CPU
		{16b4ce65-0cb8-6d5c-51d4-63ebb58f8592}.Debug|Any CPU.ActiveCfg = Debug|Any CPU
		{16b4ce65-0cb8-6d5c-51d4-63ebb58f8592}.Debug|Any CPU.Build.0 = Debug|Any CPU
		{ae5a9b0c-63bf-7259-4793-a6bfc9063c7a}.Debug|Any CPU.ActiveCfg = Debug|Any CPU
		{ae5a9b0c-63bf-7259-4793-a6bfc9063c7a}.Debug|Any CPU.Build.0 = Debug|Any CPU
		{9e50dd29-28d4-dddc-0dce-e88287630313}.Debug|Any CPU.ActiveCfg = Debug|Any CPU
		{9e50dd29-28d4-dddc-0dce-e88287630313}.Debug|Any CPU.Build.0 = Debug|Any CPU
		{9aabab66-5eb5-64f8-63f7-b27064f4eaba}.Debug|Any CPU.ActiveCfg = Debug|Any CPU
		{9aabab66-5eb5-64f8-63f7-b27064f4eaba}.Debug|Any CPU.Build.0 = Debug|Any CPU
		{31c4a692-84ae-1e4d-3d25-0ff911371267}.Debug|Any CPU.ActiveCfg = Debug|Any CPU
		{31c4a692-84ae-1e4d-3d25-0ff911371267}.Debug|Any CPU.Build.0 = Debug|Any CPU
		{1e8d05df-c941-e739-1999-f9746d47226c}.Debug|Any CPU.ActiveCfg = Debug|Any CPU
		{1e8d05df-c941-e739-1999-f9746d47226c}.Debug|Any CPU.Build.0 = Debug|Any CPU
		{3b1cd54c-59c5-5e6c-d89e-7f7c2428480d}.Debug|Any CPU.ActiveCfg = Debug|Any CPU
		{3b1cd54c-59c5-5e6c-d89e-7f7c2428480d}.Debug|Any CPU.Build.0 = Debug|Any CPU
		{8826ad6b-c91e-146f-eba9-2473fd8dbe21}.Debug|Any CPU.ActiveCfg = Debug|Any CPU
		{8826ad6b-c91e-146f-eba9-2473fd8dbe21}.Debug|Any CPU.Build.0 = Debug|Any CPU
		{01ed7365-4c04-e938-d388-d173068e5d05}.Debug|Any CPU.ActiveCfg = Debug|Any CPU
		{01ed7365-4c04-e938-d388-d173068e5d05}.Debug|Any CPU.Build.0 = Debug|Any CPU
		{7a888eb5-236f-0956-1631-d8060f676951}.Debug|Any CPU.ActiveCfg = Debug|Any CPU
		{7a888eb5-236f-0956-1631-d8060f676951}.Debug|Any CPU.Build.0 = Debug|Any CPU
		{3aa164e3-df39-4eec-7c2f-2ccac67c522e}.Debug|Any CPU.ActiveCfg = Debug|Any CPU
		{3aa164e3-df39-4eec-7c2f-2ccac67c522e}.Debug|Any CPU.Build.0 = Debug|Any CPU
		{9165cc0f-d872-82c6-557e-fdd1c64f2183}.Debug|Any CPU.ActiveCfg = Debug|Any CPU
		{9165cc0f-d872-82c6-557e-fdd1c64f2183}.Debug|Any CPU.Build.0 = Debug|Any CPU
		{5cb71725-d023-9ad9-8665-99021e8132dc}.Debug|Any CPU.ActiveCfg = Debug|Any CPU
		{5cb71725-d023-9ad9-8665-99021e8132dc}.Debug|Any CPU.Build.0 = Debug|Any CPU
		{85ef4877-256c-cd7b-445a-1b7abdba9bff}.Debug|Any CPU.ActiveCfg = Debug|Any CPU
		{85ef4877-256c-cd7b-445a-1b7abdba9bff}.Debug|Any CPU.Build.0 = Debug|Any CPU
		{50bf0927-1eb9-c8ed-d5fe-450067c175e5}.Debug|Any CPU.ActiveCfg = Debug|Any CPU
		{50bf0927-1eb9-c8ed-d5fe-450067c175e5}.Debug|Any CPU.Build.0 = Debug|Any CPU
		{5977908b-e087-baa5-6a1e-5134281bf8aa}.Debug|Any CPU.ActiveCfg = Debug|Any CPU
		{5977908b-e087-baa5-6a1e-5134281bf8aa}.Debug|Any CPU.Build.0 = Debug|Any CPU
		{e7e068a2-ed1b-6d45-5673-801f75ac9c28}.Debug|Any CPU.ActiveCfg = Debug|Any CPU
		{e7e068a2-ed1b-6d45-5673-801f75ac9c28}.Debug|Any CPU.Build.0 = Debug|Any CPU
		{9614364d-29e2-1821-af60-b94d7748bca6}.Debug|Any CPU.ActiveCfg = Debug|Any CPU
		{9614364d-29e2-1821-af60-b94d7748bca6}.Debug|Any CPU.Build.0 = Debug|Any CPU
		{151e2f73-1453-12c9-b591-0a3fdbf6e342}.Debug|Any CPU.ActiveCfg = Debug|Any CPU
		{151e2f73-1453-12c9-b591-0a3fdbf6e342}.Debug|Any CPU.Build.0 = Debug|Any CPU
		{2b905608-2f21-acb4-9237-2a330d1cfe35}.Debug|Any CPU.ActiveCfg = Debug|Any CPU
		{2b905608-2f21-acb4-9237-2a330d1cfe35}.Debug|Any CPU.Build.0 = Debug|Any CPU
	EndGlobalSection
	GlobalSection(SolutionProperties) = preSolution
		HideSolutionNode = FALSE
	EndGlobalSection
EndGlobal
